// !$*UTF8*$!
{
	archiveVersion = 1;
	classes = {
	};
	objectVersion = 46;
	objects = {

/* Begin PBXBuildFile section */
		09D50FE61E40F5A0000EBA90 /* main.m in Sources */ = {isa = PBXBuildFile; fileRef = 09D50FE51E40F5A0000EBA90 /* main.m */; };
		09D50FE91E40F5A0000EBA90 /* AppDelegate.m in Sources */ = {isa = PBXBuildFile; fileRef = 09D50FE81E40F5A0000EBA90 /* AppDelegate.m */; };
		09D50FEC1E40F5A0000EBA90 /* ViewController.m in Sources */ = {isa = PBXBuildFile; fileRef = 09D50FEB1E40F5A0000EBA90 /* ViewController.m */; };
		09D50FEF1E40F5A0000EBA90 /* Main.storyboard in Resources */ = {isa = PBXBuildFile; fileRef = 09D50FED1E40F5A0000EBA90 /* Main.storyboard */; };
		09D50FF11E40F5A0000EBA90 /* Assets.xcassets in Resources */ = {isa = PBXBuildFile; fileRef = 09D50FF01E40F5A0000EBA90 /* Assets.xcassets */; };
		09D50FF41E40F5A0000EBA90 /* LaunchScreen.storyboard in Resources */ = {isa = PBXBuildFile; fileRef = 09D50FF21E40F5A0000EBA90 /* LaunchScreen.storyboard */; };
		09D50FFF1E40F5A0000EBA90 /* IOSFormValidatorTests.m in Sources */ = {isa = PBXBuildFile; fileRef = 09D50FFE1E40F5A0000EBA90 /* IOSFormValidatorTests.m */; };
		09D5100A1E40F5A0000EBA90 /* IOSFormValidatorUITests.m in Sources */ = {isa = PBXBuildFile; fileRef = 09D510091E40F5A0000EBA90 /* IOSFormValidatorUITests.m */; };
		09D510191E40F5CD000EBA90 /* FieldView.m in Sources */ = {isa = PBXBuildFile; fileRef = 09D510181E40F5CD000EBA90 /* FieldView.m */; };
		09D5101A1E40F5CD000EBA90 /* FieldView.m in Sources */ = {isa = PBXBuildFile; fileRef = 09D510181E40F5CD000EBA90 /* FieldView.m */; };
		09D5102B1E410E3C000EBA90 /* FormParentView.m in Sources */ = {isa = PBXBuildFile; fileRef = 09D5102A1E410E3C000EBA90 /* FormParentView.m */; };
		3CB843B71E41BA75007F7666 /* IsEmpty.m in Sources */ = {isa = PBXBuildFile; fileRef = 3CB843B61E41BA75007F7666 /* IsEmpty.m */; };
		3CB843BA1E41BA85007F7666 /* IsValidEmail.m in Sources */ = {isa = PBXBuildFile; fileRef = 3CB843B91E41BA85007F7666 /* IsValidEmail.m */; };
		3CB843BD1E41E153007F7666 /* ViewWrapperFactory.m in Sources */ = {isa = PBXBuildFile; fileRef = 3CB843BC1E41E153007F7666 /* ViewWrapperFactory.m */; };
		3CB843C31E41E5B8007F7666 /* UITextFieldViewWrapper.m in Sources */ = {isa = PBXBuildFile; fileRef = 3CB843C21E41E5B8007F7666 /* UITextFieldViewWrapper.m */; };
		3CB843C61E4204A0007F7666 /* UISpinnerViewWrapper.m in Sources */ = {isa = PBXBuildFile; fileRef = 3CB843C51E4204A0007F7666 /* UISpinnerViewWrapper.m */; };
		3CB843C91E420ADF007F7666 /* ViewWrapper.m in Sources */ = {isa = PBXBuildFile; fileRef = 3CB843C81E420ADF007F7666 /* ViewWrapper.m */; };
/* End PBXBuildFile section */

/* Begin PBXContainerItemProxy section */
		09D50FFB1E40F5A0000EBA90 /* PBXContainerItemProxy */ = {
			isa = PBXContainerItemProxy;
			containerPortal = 09D50FD91E40F5A0000EBA90 /* Project object */;
			proxyType = 1;
			remoteGlobalIDString = 09D50FE01E40F5A0000EBA90;
			remoteInfo = IOSFormValidator;
		};
		09D510061E40F5A0000EBA90 /* PBXContainerItemProxy */ = {
			isa = PBXContainerItemProxy;
			containerPortal = 09D50FD91E40F5A0000EBA90 /* Project object */;
			proxyType = 1;
			remoteGlobalIDString = 09D50FE01E40F5A0000EBA90;
			remoteInfo = IOSFormValidator;
		};
/* End PBXContainerItemProxy section */

/* Begin PBXFileReference section */
		09D50FE11E40F5A0000EBA90 /* IOSFormValidator.app */ = {isa = PBXFileReference; explicitFileType = wrapper.application; includeInIndex = 0; path = IOSFormValidator.app; sourceTree = BUILT_PRODUCTS_DIR; };
		09D50FE51E40F5A0000EBA90 /* main.m */ = {isa = PBXFileReference; lastKnownFileType = sourcecode.c.objc; path = main.m; sourceTree = "<group>"; };
		09D50FE71E40F5A0000EBA90 /* AppDelegate.h */ = {isa = PBXFileReference; lastKnownFileType = sourcecode.c.h; path = AppDelegate.h; sourceTree = "<group>"; };
		09D50FE81E40F5A0000EBA90 /* AppDelegate.m */ = {isa = PBXFileReference; lastKnownFileType = sourcecode.c.objc; path = AppDelegate.m; sourceTree = "<group>"; };
		09D50FEA1E40F5A0000EBA90 /* ViewController.h */ = {isa = PBXFileReference; lastKnownFileType = sourcecode.c.h; path = ViewController.h; sourceTree = "<group>"; };
		09D50FEB1E40F5A0000EBA90 /* ViewController.m */ = {isa = PBXFileReference; lastKnownFileType = sourcecode.c.objc; path = ViewController.m; sourceTree = "<group>"; };
		09D50FEE1E40F5A0000EBA90 /* Base */ = {isa = PBXFileReference; lastKnownFileType = file.storyboard; name = Base; path = Base.lproj/Main.storyboard; sourceTree = "<group>"; };
		09D50FF01E40F5A0000EBA90 /* Assets.xcassets */ = {isa = PBXFileReference; lastKnownFileType = folder.assetcatalog; path = Assets.xcassets; sourceTree = "<group>"; };
		09D50FF31E40F5A0000EBA90 /* Base */ = {isa = PBXFileReference; lastKnownFileType = file.storyboard; name = Base; path = Base.lproj/LaunchScreen.storyboard; sourceTree = "<group>"; };
		09D50FF51E40F5A0000EBA90 /* Info.plist */ = {isa = PBXFileReference; lastKnownFileType = text.plist.xml; path = Info.plist; sourceTree = "<group>"; };
		09D50FFA1E40F5A0000EBA90 /* IOSFormValidatorTests.xctest */ = {isa = PBXFileReference; explicitFileType = wrapper.cfbundle; includeInIndex = 0; path = IOSFormValidatorTests.xctest; sourceTree = BUILT_PRODUCTS_DIR; };
		09D50FFE1E40F5A0000EBA90 /* IOSFormValidatorTests.m */ = {isa = PBXFileReference; lastKnownFileType = sourcecode.c.objc; path = IOSFormValidatorTests.m; sourceTree = "<group>"; };
		09D510001E40F5A0000EBA90 /* Info.plist */ = {isa = PBXFileReference; lastKnownFileType = text.plist.xml; path = Info.plist; sourceTree = "<group>"; };
		09D510051E40F5A0000EBA90 /* IOSFormValidatorUITests.xctest */ = {isa = PBXFileReference; explicitFileType = wrapper.cfbundle; includeInIndex = 0; path = IOSFormValidatorUITests.xctest; sourceTree = BUILT_PRODUCTS_DIR; };
		09D510091E40F5A0000EBA90 /* IOSFormValidatorUITests.m */ = {isa = PBXFileReference; lastKnownFileType = sourcecode.c.objc; path = IOSFormValidatorUITests.m; sourceTree = "<group>"; };
		09D5100B1E40F5A0000EBA90 /* Info.plist */ = {isa = PBXFileReference; lastKnownFileType = text.plist.xml; path = Info.plist; sourceTree = "<group>"; };
		09D510171E40F5CD000EBA90 /* FieldView.h */ = {isa = PBXFileReference; fileEncoding = 4; lastKnownFileType = sourcecode.c.h; path = FieldView.h; sourceTree = "<group>"; };
		09D510181E40F5CD000EBA90 /* FieldView.m */ = {isa = PBXFileReference; fileEncoding = 4; lastKnownFileType = sourcecode.c.objc; path = FieldView.m; sourceTree = "<group>"; };
		09D510291E410E3C000EBA90 /* FormParentView.h */ = {isa = PBXFileReference; fileEncoding = 4; lastKnownFileType = sourcecode.c.h; path = FormParentView.h; sourceTree = "<group>"; };
		09D5102A1E410E3C000EBA90 /* FormParentView.m */ = {isa = PBXFileReference; fileEncoding = 4; lastKnownFileType = sourcecode.c.objc; path = FormParentView.m; sourceTree = "<group>"; };
		3CB843B21E41B005007F7666 /* ValidatorInterface.h */ = {isa = PBXFileReference; fileEncoding = 4; lastKnownFileType = sourcecode.c.h; path = ValidatorInterface.h; sourceTree = "<group>"; };
		3CB843B51E41BA75007F7666 /* IsEmpty.h */ = {isa = PBXFileReference; fileEncoding = 4; lastKnownFileType = sourcecode.c.h; path = IsEmpty.h; sourceTree = "<group>"; };
		3CB843B61E41BA75007F7666 /* IsEmpty.m */ = {isa = PBXFileReference; fileEncoding = 4; lastKnownFileType = sourcecode.c.objc; path = IsEmpty.m; sourceTree = "<group>"; };
		3CB843B81E41BA85007F7666 /* IsValidEmail.h */ = {isa = PBXFileReference; fileEncoding = 4; lastKnownFileType = sourcecode.c.h; path = IsValidEmail.h; sourceTree = "<group>"; };
		3CB843B91E41BA85007F7666 /* IsValidEmail.m */ = {isa = PBXFileReference; fileEncoding = 4; lastKnownFileType = sourcecode.c.objc; path = IsValidEmail.m; sourceTree = "<group>"; };
		3CB843BB1E41E153007F7666 /* ViewWrapperFactory.h */ = {isa = PBXFileReference; fileEncoding = 4; lastKnownFileType = sourcecode.c.h; path = ViewWrapperFactory.h; sourceTree = "<group>"; };
		3CB843BC1E41E153007F7666 /* ViewWrapperFactory.m */ = {isa = PBXFileReference; fileEncoding = 4; lastKnownFileType = sourcecode.c.objc; path = ViewWrapperFactory.m; sourceTree = "<group>"; };
		3CB843C11E41E5B8007F7666 /* UITextFieldViewWrapper.h */ = {isa = PBXFileReference; fileEncoding = 4; lastKnownFileType = sourcecode.c.h; path = UITextFieldViewWrapper.h; sourceTree = "<group>"; };
		3CB843C21E41E5B8007F7666 /* UITextFieldViewWrapper.m */ = {isa = PBXFileReference; fileEncoding = 4; lastKnownFileType = sourcecode.c.objc; path = UITextFieldViewWrapper.m; sourceTree = "<group>"; };
		3CB843C41E4204A0007F7666 /* UISpinnerViewWrapper.h */ = {isa = PBXFileReference; fileEncoding = 4; lastKnownFileType = sourcecode.c.h; path = UISpinnerViewWrapper.h; sourceTree = "<group>"; };
		3CB843C51E4204A0007F7666 /* UISpinnerViewWrapper.m */ = {isa = PBXFileReference; fileEncoding = 4; lastKnownFileType = sourcecode.c.objc; path = UISpinnerViewWrapper.m; sourceTree = "<group>"; };
		3CB843C71E420ADF007F7666 /* ViewWrapper.h */ = {isa = PBXFileReference; fileEncoding = 4; lastKnownFileType = sourcecode.c.h; path = ViewWrapper.h; sourceTree = "<group>"; };
		3CB843C81E420ADF007F7666 /* ViewWrapper.m */ = {isa = PBXFileReference; fileEncoding = 4; lastKnownFileType = sourcecode.c.objc; path = ViewWrapper.m; sourceTree = "<group>"; };
/* End PBXFileReference section */

/* Begin PBXFrameworksBuildPhase section */
		09D50FDE1E40F5A0000EBA90 /* Frameworks */ = {
			isa = PBXFrameworksBuildPhase;
			buildActionMask = 2147483647;
			files = (
			);
			runOnlyForDeploymentPostprocessing = 0;
		};
		09D50FF71E40F5A0000EBA90 /* Frameworks */ = {
			isa = PBXFrameworksBuildPhase;
			buildActionMask = 2147483647;
			files = (
			);
			runOnlyForDeploymentPostprocessing = 0;
		};
		09D510021E40F5A0000EBA90 /* Frameworks */ = {
			isa = PBXFrameworksBuildPhase;
			buildActionMask = 2147483647;
			files = (
			);
			runOnlyForDeploymentPostprocessing = 0;
		};
/* End PBXFrameworksBuildPhase section */

/* Begin PBXGroup section */
		09D50FD81E40F5A0000EBA90 = {
			isa = PBXGroup;
			children = (
				3CB843C71E420ADF007F7666 /* ViewWrapper.h */,
				3CB843C81E420ADF007F7666 /* ViewWrapper.m */,
				3CB843C41E4204A0007F7666 /* UISpinnerViewWrapper.h */,
				3CB843C51E4204A0007F7666 /* UISpinnerViewWrapper.m */,
				3CB843C11E41E5B8007F7666 /* UITextFieldViewWrapper.h */,
				3CB843C21E41E5B8007F7666 /* UITextFieldViewWrapper.m */,
				3CB843BB1E41E153007F7666 /* ViewWrapperFactory.h */,
				3CB843BC1E41E153007F7666 /* ViewWrapperFactory.m */,
				3CB843B21E41B005007F7666 /* ValidatorInterface.h */,
				3CB843B81E41BA85007F7666 /* IsValidEmail.h */,
				3CB843B91E41BA85007F7666 /* IsValidEmail.m */,
				3CB843B51E41BA75007F7666 /* IsEmpty.h */,
				3CB843B61E41BA75007F7666 /* IsEmpty.m */,
				09D510171E40F5CD000EBA90 /* FieldView.h */,
				09D510181E40F5CD000EBA90 /* FieldView.m */,
				09D510291E410E3C000EBA90 /* FormParentView.h */,
				09D5102A1E410E3C000EBA90 /* FormParentView.m */,
				09D50FE31E40F5A0000EBA90 /* IOSFormValidator */,
				09D50FFD1E40F5A0000EBA90 /* IOSFormValidatorTests */,
				09D510081E40F5A0000EBA90 /* IOSFormValidatorUITests */,
				09D50FE21E40F5A0000EBA90 /* Products */,
			);
			sourceTree = "<group>";
		};
		09D50FE21E40F5A0000EBA90 /* Products */ = {
			isa = PBXGroup;
			children = (
				09D50FE11E40F5A0000EBA90 /* IOSFormValidator.app */,
				09D50FFA1E40F5A0000EBA90 /* IOSFormValidatorTests.xctest */,
				09D510051E40F5A0000EBA90 /* IOSFormValidatorUITests.xctest */,
			);
			name = Products;
			sourceTree = "<group>";
		};
		09D50FE31E40F5A0000EBA90 /* IOSFormValidator */ = {
			isa = PBXGroup;
			children = (
				09D50FE71E40F5A0000EBA90 /* AppDelegate.h */,
				09D50FE81E40F5A0000EBA90 /* AppDelegate.m */,
				09D50FEA1E40F5A0000EBA90 /* ViewController.h */,
				09D50FEB1E40F5A0000EBA90 /* ViewController.m */,
				09D50FED1E40F5A0000EBA90 /* Main.storyboard */,
				09D50FF01E40F5A0000EBA90 /* Assets.xcassets */,
				09D50FF21E40F5A0000EBA90 /* LaunchScreen.storyboard */,
				09D50FF51E40F5A0000EBA90 /* Info.plist */,
				09D50FE41E40F5A0000EBA90 /* Supporting Files */,
			);
			path = IOSFormValidator;
			sourceTree = "<group>";
		};
		09D50FE41E40F5A0000EBA90 /* Supporting Files */ = {
			isa = PBXGroup;
			children = (
				09D50FE51E40F5A0000EBA90 /* main.m */,
			);
			name = "Supporting Files";
			sourceTree = "<group>";
		};
		09D50FFD1E40F5A0000EBA90 /* IOSFormValidatorTests */ = {
			isa = PBXGroup;
			children = (
				09D50FFE1E40F5A0000EBA90 /* IOSFormValidatorTests.m */,
				09D510001E40F5A0000EBA90 /* Info.plist */,
			);
			path = IOSFormValidatorTests;
			sourceTree = "<group>";
		};
		09D510081E40F5A0000EBA90 /* IOSFormValidatorUITests */ = {
			isa = PBXGroup;
			children = (
				09D510091E40F5A0000EBA90 /* IOSFormValidatorUITests.m */,
				09D5100B1E40F5A0000EBA90 /* Info.plist */,
			);
			path = IOSFormValidatorUITests;
			sourceTree = "<group>";
		};
/* End PBXGroup section */

/* Begin PBXNativeTarget section */
		09D50FE01E40F5A0000EBA90 /* IOSFormValidator */ = {
			isa = PBXNativeTarget;
			buildConfigurationList = 09D5100E1E40F5A0000EBA90 /* Build configuration list for PBXNativeTarget "IOSFormValidator" */;
			buildPhases = (
				09D50FDD1E40F5A0000EBA90 /* Sources */,
				09D50FDE1E40F5A0000EBA90 /* Frameworks */,
				09D50FDF1E40F5A0000EBA90 /* Resources */,
			);
			buildRules = (
			);
			dependencies = (
			);
			name = IOSFormValidator;
			productName = IOSFormValidator;
			productReference = 09D50FE11E40F5A0000EBA90 /* IOSFormValidator.app */;
			productType = "com.apple.product-type.application";
		};
		09D50FF91E40F5A0000EBA90 /* IOSFormValidatorTests */ = {
			isa = PBXNativeTarget;
			buildConfigurationList = 09D510111E40F5A0000EBA90 /* Build configuration list for PBXNativeTarget "IOSFormValidatorTests" */;
			buildPhases = (
				09D50FF61E40F5A0000EBA90 /* Sources */,
				09D50FF71E40F5A0000EBA90 /* Frameworks */,
				09D50FF81E40F5A0000EBA90 /* Resources */,
			);
			buildRules = (
			);
			dependencies = (
				09D50FFC1E40F5A0000EBA90 /* PBXTargetDependency */,
			);
			name = IOSFormValidatorTests;
			productName = IOSFormValidatorTests;
			productReference = 09D50FFA1E40F5A0000EBA90 /* IOSFormValidatorTests.xctest */;
			productType = "com.apple.product-type.bundle.unit-test";
		};
		09D510041E40F5A0000EBA90 /* IOSFormValidatorUITests */ = {
			isa = PBXNativeTarget;
			buildConfigurationList = 09D510141E40F5A0000EBA90 /* Build configuration list for PBXNativeTarget "IOSFormValidatorUITests" */;
			buildPhases = (
				09D510011E40F5A0000EBA90 /* Sources */,
				09D510021E40F5A0000EBA90 /* Frameworks */,
				09D510031E40F5A0000EBA90 /* Resources */,
			);
			buildRules = (
			);
			dependencies = (
				09D510071E40F5A0000EBA90 /* PBXTargetDependency */,
			);
			name = IOSFormValidatorUITests;
			productName = IOSFormValidatorUITests;
			productReference = 09D510051E40F5A0000EBA90 /* IOSFormValidatorUITests.xctest */;
			productType = "com.apple.product-type.bundle.ui-testing";
		};
/* End PBXNativeTarget section */

/* Begin PBXProject section */
		09D50FD91E40F5A0000EBA90 /* Project object */ = {
			isa = PBXProject;
			attributes = {
				LastUpgradeCheck = 0700;
				ORGANIZATIONNAME = byjeevan;
				TargetAttributes = {
					09D50FE01E40F5A0000EBA90 = {
						CreatedOnToolsVersion = 7.0.1;
					};
					09D50FF91E40F5A0000EBA90 = {
						CreatedOnToolsVersion = 7.0.1;
						DevelopmentTeam = X3C29CZLQA;
						TestTargetID = 09D50FE01E40F5A0000EBA90;
					};
					09D510041E40F5A0000EBA90 = {
						CreatedOnToolsVersion = 7.0.1;
						DevelopmentTeam = X3C29CZLQA;
						TestTargetID = 09D50FE01E40F5A0000EBA90;
					};
				};
			};
			buildConfigurationList = 09D50FDC1E40F5A0000EBA90 /* Build configuration list for PBXProject "IOSFormValidator" */;
			compatibilityVersion = "Xcode 3.2";
			developmentRegion = English;
			hasScannedForEncodings = 0;
			knownRegions = (
				en,
				Base,
			);
			mainGroup = 09D50FD81E40F5A0000EBA90;
			productRefGroup = 09D50FE21E40F5A0000EBA90 /* Products */;
			projectDirPath = "";
			projectRoot = "";
			targets = (
				09D50FE01E40F5A0000EBA90 /* IOSFormValidator */,
				09D50FF91E40F5A0000EBA90 /* IOSFormValidatorTests */,
				09D510041E40F5A0000EBA90 /* IOSFormValidatorUITests */,
			);
		};
/* End PBXProject section */

/* Begin PBXResourcesBuildPhase section */
		09D50FDF1E40F5A0000EBA90 /* Resources */ = {
			isa = PBXResourcesBuildPhase;
			buildActionMask = 2147483647;
			files = (
				09D50FF41E40F5A0000EBA90 /* LaunchScreen.storyboard in Resources */,
				09D50FF11E40F5A0000EBA90 /* Assets.xcassets in Resources */,
				09D50FEF1E40F5A0000EBA90 /* Main.storyboard in Resources */,
			);
			runOnlyForDeploymentPostprocessing = 0;
		};
		09D50FF81E40F5A0000EBA90 /* Resources */ = {
			isa = PBXResourcesBuildPhase;
			buildActionMask = 2147483647;
			files = (
			);
			runOnlyForDeploymentPostprocessing = 0;
		};
		09D510031E40F5A0000EBA90 /* Resources */ = {
			isa = PBXResourcesBuildPhase;
			buildActionMask = 2147483647;
			files = (
			);
			runOnlyForDeploymentPostprocessing = 0;
		};
/* End PBXResourcesBuildPhase section */

/* Begin PBXSourcesBuildPhase section */
		09D50FDD1E40F5A0000EBA90 /* Sources */ = {
			isa = PBXSourcesBuildPhase;
			buildActionMask = 2147483647;
			files = (
				09D50FEC1E40F5A0000EBA90 /* ViewController.m in Sources */,
				09D5102B1E410E3C000EBA90 /* FormParentView.m in Sources */,
				3CB843BA1E41BA85007F7666 /* IsValidEmail.m in Sources */,
				3CB843C31E41E5B8007F7666 /* UITextFieldViewWrapper.m in Sources */,
				3CB843C91E420ADF007F7666 /* ViewWrapper.m in Sources */,
				3CB843BD1E41E153007F7666 /* ViewWrapperFactory.m in Sources */,
				09D50FE91E40F5A0000EBA90 /* AppDelegate.m in Sources */,
				09D50FE61E40F5A0000EBA90 /* main.m in Sources */,
				09D510191E40F5CD000EBA90 /* FieldView.m in Sources */,
				3CB843C61E4204A0007F7666 /* UISpinnerViewWrapper.m in Sources */,
				3CB843B71E41BA75007F7666 /* IsEmpty.m in Sources */,
			);
			runOnlyForDeploymentPostprocessing = 0;
		};
		09D50FF61E40F5A0000EBA90 /* Sources */ = {
			isa = PBXSourcesBuildPhase;
			buildActionMask = 2147483647;
			files = (
				09D50FFF1E40F5A0000EBA90 /* IOSFormValidatorTests.m in Sources */,
				09D5101A1E40F5CD000EBA90 /* FieldView.m in Sources */,
			);
			runOnlyForDeploymentPostprocessing = 0;
		};
		09D510011E40F5A0000EBA90 /* Sources */ = {
			isa = PBXSourcesBuildPhase;
			buildActionMask = 2147483647;
			files = (
				09D5100A1E40F5A0000EBA90 /* IOSFormValidatorUITests.m in Sources */,
			);
			runOnlyForDeploymentPostprocessing = 0;
		};
/* End PBXSourcesBuildPhase section */

/* Begin PBXTargetDependency section */
		09D50FFC1E40F5A0000EBA90 /* PBXTargetDependency */ = {
			isa = PBXTargetDependency;
			target = 09D50FE01E40F5A0000EBA90 /* IOSFormValidator */;
			targetProxy = 09D50FFB1E40F5A0000EBA90 /* PBXContainerItemProxy */;
		};
		09D510071E40F5A0000EBA90 /* PBXTargetDependency */ = {
			isa = PBXTargetDependency;
			target = 09D50FE01E40F5A0000EBA90 /* IOSFormValidator */;
			targetProxy = 09D510061E40F5A0000EBA90 /* PBXContainerItemProxy */;
		};
/* End PBXTargetDependency section */

/* Begin PBXVariantGroup section */
		09D50FED1E40F5A0000EBA90 /* Main.storyboard */ = {
			isa = PBXVariantGroup;
			children = (
				09D50FEE1E40F5A0000EBA90 /* Base */,
			);
			name = Main.storyboard;
			sourceTree = "<group>";
		};
		09D50FF21E40F5A0000EBA90 /* LaunchScreen.storyboard */ = {
			isa = PBXVariantGroup;
			children = (
				09D50FF31E40F5A0000EBA90 /* Base */,
			);
			name = LaunchScreen.storyboard;
			sourceTree = "<group>";
		};
/* End PBXVariantGroup section */

/* Begin XCBuildConfiguration section */
		09D5100C1E40F5A0000EBA90 /* Debug */ = {
			isa = XCBuildConfiguration;
			buildSettings = {
				ALWAYS_SEARCH_USER_PATHS = NO;
				CLANG_CXX_LANGUAGE_STANDARD = "gnu++0x";
				CLANG_CXX_LIBRARY = "libc++";
				CLANG_ENABLE_MODULES = YES;
				CLANG_ENABLE_OBJC_ARC = YES;
				CLANG_WARN_BOOL_CONVERSION = YES;
				CLANG_WARN_CONSTANT_CONVERSION = YES;
				CLANG_WARN_DIRECT_OBJC_ISA_USAGE = YES_ERROR;
				CLANG_WARN_EMPTY_BODY = YES;
				CLANG_WARN_ENUM_CONVERSION = YES;
				CLANG_WARN_INT_CONVERSION = YES;
				CLANG_WARN_OBJC_ROOT_CLASS = YES_ERROR;
				CLANG_WARN_UNREACHABLE_CODE = YES;
				CLANG_WARN__DUPLICATE_METHOD_MATCH = YES;
				"CODE_SIGN_IDENTITY[sdk=iphoneos*]" = "iPhone Developer";
				COPY_PHASE_STRIP = NO;
				DEBUG_INFORMATION_FORMAT = dwarf;
				ENABLE_STRICT_OBJC_MSGSEND = YES;
				ENABLE_TESTABILITY = YES;
				GCC_C_LANGUAGE_STANDARD = gnu99;
				GCC_DYNAMIC_NO_PIC = NO;
				GCC_NO_COMMON_BLOCKS = YES;
				GCC_OPTIMIZATION_LEVEL = 0;
				GCC_PREPROCESSOR_DEFINITIONS = (
					"DEBUG=1",
					"$(inherited)",
				);
				GCC_WARN_64_TO_32_BIT_CONVERSION = YES;
				GCC_WARN_ABOUT_RETURN_TYPE = YES_ERROR;
				GCC_WARN_UNDECLARED_SELECTOR = YES;
				GCC_WARN_UNINITIALIZED_AUTOS = YES_AGGRESSIVE;
				GCC_WARN_UNUSED_FUNCTION = YES;
				GCC_WARN_UNUSED_VARIABLE = YES;
				IPHONEOS_DEPLOYMENT_TARGET = 9.0;
				MTL_ENABLE_DEBUG_INFO = YES;
				ONLY_ACTIVE_ARCH = YES;
				SDKROOT = iphoneos;
			};
			name = Debug;
		};
		09D5100D1E40F5A0000EBA90 /* Release */ = {
			isa = XCBuildConfiguration;
			buildSettings = {
				ALWAYS_SEARCH_USER_PATHS = NO;
				CLANG_CXX_LANGUAGE_STANDARD = "gnu++0x";
				CLANG_CXX_LIBRARY = "libc++";
				CLANG_ENABLE_MODULES = YES;
				CLANG_ENABLE_OBJC_ARC = YES;
				CLANG_WARN_BOOL_CONVERSION = YES;
				CLANG_WARN_CONSTANT_CONVERSION = YES;
				CLANG_WARN_DIRECT_OBJC_ISA_USAGE = YES_ERROR;
				CLANG_WARN_EMPTY_BODY = YES;
				CLANG_WARN_ENUM_CONVERSION = YES;
				CLANG_WARN_INT_CONVERSION = YES;
				CLANG_WARN_OBJC_ROOT_CLASS = YES_ERROR;
				CLANG_WARN_UNREACHABLE_CODE = YES;
				CLANG_WARN__DUPLICATE_METHOD_MATCH = YES;
				"CODE_SIGN_IDENTITY[sdk=iphoneos*]" = "iPhone Developer";
				COPY_PHASE_STRIP = NO;
				DEBUG_INFORMATION_FORMAT = "dwarf-with-dsym";
				ENABLE_NS_ASSERTIONS = NO;
				ENABLE_STRICT_OBJC_MSGSEND = YES;
				GCC_C_LANGUAGE_STANDARD = gnu99;
				GCC_NO_COMMON_BLOCKS = YES;
				GCC_WARN_64_TO_32_BIT_CONVERSION = YES;
				GCC_WARN_ABOUT_RETURN_TYPE = YES_ERROR;
				GCC_WARN_UNDECLARED_SELECTOR = YES;
				GCC_WARN_UNINITIALIZED_AUTOS = YES_AGGRESSIVE;
				GCC_WARN_UNUSED_FUNCTION = YES;
				GCC_WARN_UNUSED_VARIABLE = YES;
				IPHONEOS_DEPLOYMENT_TARGET = 9.0;
				MTL_ENABLE_DEBUG_INFO = NO;
				SDKROOT = iphoneos;
				VALIDATE_PRODUCT = YES;
			};
			name = Release;
		};
		09D5100F1E40F5A0000EBA90 /* Debug */ = {
			isa = XCBuildConfiguration;
			buildSettings = {
				ASSETCATALOG_COMPILER_APPICON_NAME = AppIcon;
				CODE_SIGN_IDENTITY = "iPhone Developer";
				INFOPLIST_FILE = IOSFormValidator/Info.plist;
				IPHONEOS_DEPLOYMENT_TARGET = 8.0;
				LD_RUNPATH_SEARCH_PATHS = "$(inherited) @executable_path/Frameworks";
				PRODUCT_BUNDLE_IDENTIFIER = com.byjeevan.IOSFormValidator;
				PRODUCT_NAME = "$(TARGET_NAME)";
			};
			name = Debug;
		};
		09D510101E40F5A0000EBA90 /* Release */ = {
			isa = XCBuildConfiguration;
			buildSettings = {
				ASSETCATALOG_COMPILER_APPICON_NAME = AppIcon;
				CODE_SIGN_IDENTITY = "iPhone Developer";
				INFOPLIST_FILE = IOSFormValidator/Info.plist;
				IPHONEOS_DEPLOYMENT_TARGET = 8.0;
				LD_RUNPATH_SEARCH_PATHS = "$(inherited) @executable_path/Frameworks";
				PRODUCT_BUNDLE_IDENTIFIER = com.byjeevan.IOSFormValidator;
				PRODUCT_NAME = "$(TARGET_NAME)";
			};
			name = Release;
		};
		09D510121E40F5A0000EBA90 /* Debug */ = {
			isa = XCBuildConfiguration;
			buildSettings = {
				BUNDLE_LOADER = "$(TEST_HOST)";
				INFOPLIST_FILE = IOSFormValidatorTests/Info.plist;
				LD_RUNPATH_SEARCH_PATHS = "$(inherited) @executable_path/Frameworks @loader_path/Frameworks";
				PRODUCT_BUNDLE_IDENTIFIER = com.byjeevan.IOSFormValidatorTests;
				PRODUCT_NAME = "$(TARGET_NAME)";
				TEST_HOST = "$(BUILT_PRODUCTS_DIR)/IOSFormValidator.app/IOSFormValidator";
			};
			name = Debug;
		};
		09D510131E40F5A0000EBA90 /* Release */ = {
			isa = XCBuildConfiguration;
			buildSettings = {
				BUNDLE_LOADER = "$(TEST_HOST)";
				INFOPLIST_FILE = IOSFormValidatorTests/Info.plist;
				LD_RUNPATH_SEARCH_PATHS = "$(inherited) @executable_path/Frameworks @loader_path/Frameworks";
				PRODUCT_BUNDLE_IDENTIFIER = com.byjeevan.IOSFormValidatorTests;
				PRODUCT_NAME = "$(TARGET_NAME)";
				TEST_HOST = "$(BUILT_PRODUCTS_DIR)/IOSFormValidator.app/IOSFormValidator";
			};
			name = Release;
		};
		09D510151E40F5A0000EBA90 /* Debug */ = {
			isa = XCBuildConfiguration;
			buildSettings = {
				INFOPLIST_FILE = IOSFormValidatorUITests/Info.plist;
				LD_RUNPATH_SEARCH_PATHS = "$(inherited) @executable_path/Frameworks @loader_path/Frameworks";
				PRODUCT_BUNDLE_IDENTIFIER = com.byjeevan.IOSFormValidatorUITests;
				PRODUCT_NAME = "$(TARGET_NAME)";
				TEST_TARGET_NAME = IOSFormValidator;
				USES_XCTRUNNER = YES;
			};
			name = Debug;
		};
		09D510161E40F5A0000EBA90 /* Release */ = {
			isa = XCBuildConfiguration;
			buildSettings = {
				INFOPLIST_FILE = IOSFormValidatorUITests/Info.plist;
				LD_RUNPATH_SEARCH_PATHS = "$(inherited) @executable_path/Frameworks @loader_path/Frameworks";
				PRODUCT_BUNDLE_IDENTIFIER = com.byjeevan.IOSFormValidatorUITests;
				PRODUCT_NAME = "$(TARGET_NAME)";
				TEST_TARGET_NAME = IOSFormValidator;
				USES_XCTRUNNER = YES;
			};
			name = Release;
		};
/* End XCBuildConfiguration section */

/* Begin XCConfigurationList section */
		09D50FDC1E40F5A0000EBA90 /* Build configuration list for PBXProject "IOSFormValidator" */ = {
			isa = XCConfigurationList;
			buildConfigurations = (
				09D5100C1E40F5A0000EBA90 /* Debug */,
				09D5100D1E40F5A0000EBA90 /* Release */,
			);
			defaultConfigurationIsVisible = 0;
			defaultConfigurationName = Release;
		};
		09D5100E1E40F5A0000EBA90 /* Build configuration list for PBXNativeTarget "IOSFormValidator" */ = {
			isa = XCConfigurationList;
			buildConfigurations = (
				09D5100F1E40F5A0000EBA90 /* Debug */,
				09D510101E40F5A0000EBA90 /* Release */,
			);
			defaultConfigurationIsVisible = 0;
			defaultConfigurationName = Release;
		};
		09D510111E40F5A0000EBA90 /* Build configuration list for PBXNativeTarget "IOSFormValidatorTests" */ = {
			isa = XCConfigurationList;
			buildConfigurations = (
				09D510121E40F5A0000EBA90 /* Debug */,
				09D510131E40F5A0000EBA90 /* Release */,
			);
			defaultConfigurationIsVisible = 0;
			defaultConfigurationName = Release;
		};
		09D510141E40F5A0000EBA90 /* Build configuration list for PBXNativeTarget "IOSFormValidatorUITests" */ = {
			isa = XCConfigurationList;
			buildConfigurations = (
				09D510151E40F5A0000EBA90 /* Debug */,
				09D510161E40F5A0000EBA90 /* Release */,
			);
			defaultConfigurationIsVisible = 0;
			defaultConfigurationName = Release;
		};
/* End XCConfigurationList section */
	};
	rootObject = 09D50FD91E40F5A0000EBA90 /* Project object */;
}
